
Microsoft Visual Studio Solution File, Format Version 12.00
# Visual Studio Version 17
VisualStudioVersion = 17.9.34728.123
MinimumVisualStudioVersion = 10.0.40219.1
Project("{8BC9CEB8-8B4A-11D0-8D11-00A0C91BC942}") = "group-anagrams", "group-anagrams\group-anagrams.vcxproj", "{92342DCE-79C5-4B9A-8AD3-B311791605D4}"
EndProject
Global
	GlobalSection(SolutionConfigurationPlatforms) = preSolution
		Debug|x64 = Debug|x64
		Debug|x86 = Debug|x86
		Release|x64 = Release|x64
		Release|x86 = Release|x86
	EndGlobalSection
	GlobalSection(ProjectConfigurationPlatforms) = postSolution
		{92342DCE-79C5-4B9A-8AD3-B311791605D4}.Debug|x64.ActiveCfg = Debug|x64
		{92342DCE-79C5-4B9A-8AD3-B311791605D4}.Debug|x64.Build.0 = Debug|x64
		{92342DCE-79C5-4B9A-8AD3-B311791605D4}.Debug|x86.ActiveCfg = Debug|Win32
		{92342DCE-79C5-4B9A-8AD3-B311791605D4}.Debug|x86.Build.0 = Debug|Win32
		{92342DCE-79C5-4B9A-8AD3-B311791605D4}.Release|x64.ActiveCfg = Release|x64
		{92342DCE-79C5-4B9A-8AD3-B311791605D4}.Release|x64.Build.0 = Release|x64
		{92342DCE-79C5-4B9A-8AD3-B311791605D4}.Release|x86.ActiveCfg = Release|Win32
		{92342DCE-79C5-4B9A-8AD3-B311791605D4}.Release|x86.Build.0 = Release|Win32
	EndGlobalSection
	GlobalSection(SolutionProperties) = preSolution
		HideSolutionNode = FALSE
	EndGlobalSection
	GlobalSection(ExtensibilityGlobals) = postSolution
		SolutionGuid = {A37506CE-4D09-429F-9FA1-937AF0EB0F53}
	EndGlobalSection
EndGlobal
