
Microsoft Visual Studio Solution File, Format Version 12.00
# Visual Studio Version 17
VisualStudioVersion = 17.9.34728.123
MinimumVisualStudioVersion = 10.0.40219.1
Project("{8BC9CEB8-8B4A-11D0-8D11-00A0C91BC942}") = "best-time-to-buy-and-sell-stock", "best-time-to-buy-and-sell-stock\best-time-to-buy-and-sell-stock.vcxproj", "{7C6DF2BC-D2F3-4EAC-B0F7-3BC2C9F5E9B9}"
EndProject
Global
	GlobalSection(SolutionConfigurationPlatforms) = preSolution
		Debug|x64 = Debug|x64
		Debug|x86 = Debug|x86
		Release|x64 = Release|x64
		Release|x86 = Release|x86
	EndGlobalSection
	GlobalSection(ProjectConfigurationPlatforms) = postSolution
		{7C6DF2BC-D2F3-4EAC-B0F7-3BC2C9F5E9B9}.Debug|x64.ActiveCfg = Debug|x64
		{7C6DF2BC-D2F3-4EAC-B0F7-3BC2C9F5E9B9}.Debug|x64.Build.0 = Debug|x64
		{7C6DF2BC-D2F3-4EAC-B0F7-3BC2C9F5E9B9}.Debug|x86.ActiveCfg = Debug|Win32
		{7C6DF2BC-D2F3-4EAC-B0F7-3BC2C9F5E9B9}.Debug|x86.Build.0 = Debug|Win32
		{7C6DF2BC-D2F3-4EAC-B0F7-3BC2C9F5E9B9}.Release|x64.ActiveCfg = Release|x64
		{7C6DF2BC-D2F3-4EAC-B0F7-3BC2C9F5E9B9}.Release|x64.Build.0 = Release|x64
		{7C6DF2BC-D2F3-4EAC-B0F7-3BC2C9F5E9B9}.Release|x86.ActiveCfg = Release|Win32
		{7C6DF2BC-D2F3-4EAC-B0F7-3BC2C9F5E9B9}.Release|x86.Build.0 = Release|Win32
	EndGlobalSection
	GlobalSection(SolutionProperties) = preSolution
		HideSolutionNode = FALSE
	EndGlobalSection
	GlobalSection(ExtensibilityGlobals) = postSolution
		SolutionGuid = {169C3E66-7E95-4E27-83F7-5286BDD721D8}
	EndGlobalSection
EndGlobal
