
Microsoft Visual Studio Solution File, Format Version 12.00
# Visual Studio Version 17
VisualStudioVersion = 17.9.34728.123
MinimumVisualStudioVersion = 10.0.40219.1
Project("{8BC9CEB8-8B4A-11D0-8D11-00A0C91BC942}") = "find-first-and-last-position-of-element-in-sorted-array", "find-first-and-last-position-of-element-in-sorted-array\find-first-and-last-position-of-element-in-sorted-array.vcxproj", "{C4AB2F6D-004E-4450-ACEE-5146618CAE93}"
EndProject
Global
	GlobalSection(SolutionConfigurationPlatforms) = preSolution
		Debug|x64 = Debug|x64
		Debug|x86 = Debug|x86
		Release|x64 = Release|x64
		Release|x86 = Release|x86
	EndGlobalSection
	GlobalSection(ProjectConfigurationPlatforms) = postSolution
		{C4AB2F6D-004E-4450-ACEE-5146618CAE93}.Debug|x64.ActiveCfg = Debug|x64
		{C4AB2F6D-004E-4450-ACEE-5146618CAE93}.Debug|x64.Build.0 = Debug|x64
		{C4AB2F6D-004E-4450-ACEE-5146618CAE93}.Debug|x86.ActiveCfg = Debug|Win32
		{C4AB2F6D-004E-4450-ACEE-5146618CAE93}.Debug|x86.Build.0 = Debug|Win32
		{C4AB2F6D-004E-4450-ACEE-5146618CAE93}.Release|x64.ActiveCfg = Release|x64
		{C4AB2F6D-004E-4450-ACEE-5146618CAE93}.Release|x64.Build.0 = Release|x64
		{C4AB2F6D-004E-4450-ACEE-5146618CAE93}.Release|x86.ActiveCfg = Release|Win32
		{C4AB2F6D-004E-4450-ACEE-5146618CAE93}.Release|x86.Build.0 = Release|Win32
	EndGlobalSection
	GlobalSection(SolutionProperties) = preSolution
		HideSolutionNode = FALSE
	EndGlobalSection
	GlobalSection(ExtensibilityGlobals) = postSolution
		SolutionGuid = {9767E2AD-2B0D-4107-BF9E-DD6DC45B60B7}
	EndGlobalSection
EndGlobal
