
Microsoft Visual Studio Solution File, Format Version 12.00
# Visual Studio Version 17
VisualStudioVersion = 17.9.34728.123
MinimumVisualStudioVersion = 10.0.40219.1
Project("{8BC9CEB8-8B4A-11D0-8D11-00A0C91BC942}") = "linked-list-cycle", "linked-list-cycle\linked-list-cycle.vcxproj", "{9AE1399B-D00B-4644-9FFC-C0300F2B6DBF}"
EndProject
Global
	GlobalSection(SolutionConfigurationPlatforms) = preSolution
		Debug|x64 = Debug|x64
		Debug|x86 = Debug|x86
		Release|x64 = Release|x64
		Release|x86 = Release|x86
	EndGlobalSection
	GlobalSection(ProjectConfigurationPlatforms) = postSolution
		{9AE1399B-D00B-4644-9FFC-C0300F2B6DBF}.Debug|x64.ActiveCfg = Debug|x64
		{9AE1399B-D00B-4644-9FFC-C0300F2B6DBF}.Debug|x64.Build.0 = Debug|x64
		{9AE1399B-D00B-4644-9FFC-C0300F2B6DBF}.Debug|x86.ActiveCfg = Debug|Win32
		{9AE1399B-D00B-4644-9FFC-C0300F2B6DBF}.Debug|x86.Build.0 = Debug|Win32
		{9AE1399B-D00B-4644-9FFC-C0300F2B6DBF}.Release|x64.ActiveCfg = Release|x64
		{9AE1399B-D00B-4644-9FFC-C0300F2B6DBF}.Release|x64.Build.0 = Release|x64
		{9AE1399B-D00B-4644-9FFC-C0300F2B6DBF}.Release|x86.ActiveCfg = Release|Win32
		{9AE1399B-D00B-4644-9FFC-C0300F2B6DBF}.Release|x86.Build.0 = Release|Win32
	EndGlobalSection
	GlobalSection(SolutionProperties) = preSolution
		HideSolutionNode = FALSE
	EndGlobalSection
	GlobalSection(ExtensibilityGlobals) = postSolution
		SolutionGuid = {92A2720C-6F02-4682-802B-2782F315C8E5}
	EndGlobalSection
EndGlobal
