
Microsoft Visual Studio Solution File, Format Version 12.00
# Visual Studio Version 17
VisualStudioVersion = 17.9.34728.123
MinimumVisualStudioVersion = 10.0.40219.1
Project("{8BC9CEB8-8B4A-11D0-8D11-00A0C91BC942}") = "single-number-ii", "single-number-ii\single-number-ii.vcxproj", "{9827259A-13F1-48FC-A84D-7C1D21818CFD}"
EndProject
Global
	GlobalSection(SolutionConfigurationPlatforms) = preSolution
		Debug|x64 = Debug|x64
		Debug|x86 = Debug|x86
		Release|x64 = Release|x64
		Release|x86 = Release|x86
	EndGlobalSection
	GlobalSection(ProjectConfigurationPlatforms) = postSolution
		{9827259A-13F1-48FC-A84D-7C1D21818CFD}.Debug|x64.ActiveCfg = Debug|x64
		{9827259A-13F1-48FC-A84D-7C1D21818CFD}.Debug|x64.Build.0 = Debug|x64
		{9827259A-13F1-48FC-A84D-7C1D21818CFD}.Debug|x86.ActiveCfg = Debug|Win32
		{9827259A-13F1-48FC-A84D-7C1D21818CFD}.Debug|x86.Build.0 = Debug|Win32
		{9827259A-13F1-48FC-A84D-7C1D21818CFD}.Release|x64.ActiveCfg = Release|x64
		{9827259A-13F1-48FC-A84D-7C1D21818CFD}.Release|x64.Build.0 = Release|x64
		{9827259A-13F1-48FC-A84D-7C1D21818CFD}.Release|x86.ActiveCfg = Release|Win32
		{9827259A-13F1-48FC-A84D-7C1D21818CFD}.Release|x86.Build.0 = Release|Win32
	EndGlobalSection
	GlobalSection(SolutionProperties) = preSolution
		HideSolutionNode = FALSE
	EndGlobalSection
	GlobalSection(ExtensibilityGlobals) = postSolution
		SolutionGuid = {744E8080-81F1-4B05-9F76-49DFEF53291D}
	EndGlobalSection
EndGlobal
