
Microsoft Visual Studio Solution File, Format Version 12.00
# Visual Studio Version 17
VisualStudioVersion = 17.9.34728.123
MinimumVisualStudioVersion = 10.0.40219.1
Project("{8BC9CEB8-8B4A-11D0-8D11-00A0C91BC942}") = "longest-substring-without-repeating-characters", "longest-substring-without-repeating-characters\longest-substring-without-repeating-characters.vcxproj", "{8D23CF90-512C-4172-B8E4-8966D7618B5D}"
EndProject
Global
	GlobalSection(SolutionConfigurationPlatforms) = preSolution
		Debug|x64 = Debug|x64
		Debug|x86 = Debug|x86
		Release|x64 = Release|x64
		Release|x86 = Release|x86
	EndGlobalSection
	GlobalSection(ProjectConfigurationPlatforms) = postSolution
		{8D23CF90-512C-4172-B8E4-8966D7618B5D}.Debug|x64.ActiveCfg = Debug|x64
		{8D23CF90-512C-4172-B8E4-8966D7618B5D}.Debug|x64.Build.0 = Debug|x64
		{8D23CF90-512C-4172-B8E4-8966D7618B5D}.Debug|x86.ActiveCfg = Debug|Win32
		{8D23CF90-512C-4172-B8E4-8966D7618B5D}.Debug|x86.Build.0 = Debug|Win32
		{8D23CF90-512C-4172-B8E4-8966D7618B5D}.Release|x64.ActiveCfg = Release|x64
		{8D23CF90-512C-4172-B8E4-8966D7618B5D}.Release|x64.Build.0 = Release|x64
		{8D23CF90-512C-4172-B8E4-8966D7618B5D}.Release|x86.ActiveCfg = Release|Win32
		{8D23CF90-512C-4172-B8E4-8966D7618B5D}.Release|x86.Build.0 = Release|Win32
	EndGlobalSection
	GlobalSection(SolutionProperties) = preSolution
		HideSolutionNode = FALSE
	EndGlobalSection
	GlobalSection(ExtensibilityGlobals) = postSolution
		SolutionGuid = {8020513B-DBF6-4E0C-BF25-3733C918CB90}
	EndGlobalSection
EndGlobal
