
Microsoft Visual Studio Solution File, Format Version 12.00
# Visual Studio Version 17
VisualStudioVersion = 17.9.34728.123
MinimumVisualStudioVersion = 10.0.40219.1
Project("{8BC9CEB8-8B4A-11D0-8D11-00A0C91BC942}") = "remove-element", "remove-element\remove-element.vcxproj", "{62100444-6041-4471-A52B-49DE3AF4D055}"
EndProject
Global
	GlobalSection(SolutionConfigurationPlatforms) = preSolution
		Debug|x64 = Debug|x64
		Debug|x86 = Debug|x86
		Release|x64 = Release|x64
		Release|x86 = Release|x86
	EndGlobalSection
	GlobalSection(ProjectConfigurationPlatforms) = postSolution
		{62100444-6041-4471-A52B-49DE3AF4D055}.Debug|x64.ActiveCfg = Debug|x64
		{62100444-6041-4471-A52B-49DE3AF4D055}.Debug|x64.Build.0 = Debug|x64
		{62100444-6041-4471-A52B-49DE3AF4D055}.Debug|x86.ActiveCfg = Debug|Win32
		{62100444-6041-4471-A52B-49DE3AF4D055}.Debug|x86.Build.0 = Debug|Win32
		{62100444-6041-4471-A52B-49DE3AF4D055}.Release|x64.ActiveCfg = Release|x64
		{62100444-6041-4471-A52B-49DE3AF4D055}.Release|x64.Build.0 = Release|x64
		{62100444-6041-4471-A52B-49DE3AF4D055}.Release|x86.ActiveCfg = Release|Win32
		{62100444-6041-4471-A52B-49DE3AF4D055}.Release|x86.Build.0 = Release|Win32
	EndGlobalSection
	GlobalSection(SolutionProperties) = preSolution
		HideSolutionNode = FALSE
	EndGlobalSection
	GlobalSection(ExtensibilityGlobals) = postSolution
		SolutionGuid = {09651B32-B668-4742-86D2-EB377EED6709}
	EndGlobalSection
EndGlobal
