
Microsoft Visual Studio Solution File, Format Version 12.00
# Visual Studio Version 17
VisualStudioVersion = 17.9.34728.123
MinimumVisualStudioVersion = 10.0.40219.1
Project("{8BC9CEB8-8B4A-11D0-8D11-00A0C91BC942}") = "maximum-depth-of-binary-tree", "maximum-depth-of-binary-tree\maximum-depth-of-binary-tree.vcxproj", "{79B08ED4-F759-4BDA-BCD2-8D99430429E6}"
EndProject
Global
	GlobalSection(SolutionConfigurationPlatforms) = preSolution
		Debug|x64 = Debug|x64
		Debug|x86 = Debug|x86
		Release|x64 = Release|x64
		Release|x86 = Release|x86
	EndGlobalSection
	GlobalSection(ProjectConfigurationPlatforms) = postSolution
		{79B08ED4-F759-4BDA-BCD2-8D99430429E6}.Debug|x64.ActiveCfg = Debug|x64
		{79B08ED4-F759-4BDA-BCD2-8D99430429E6}.Debug|x64.Build.0 = Debug|x64
		{79B08ED4-F759-4BDA-BCD2-8D99430429E6}.Debug|x86.ActiveCfg = Debug|Win32
		{79B08ED4-F759-4BDA-BCD2-8D99430429E6}.Debug|x86.Build.0 = Debug|Win32
		{79B08ED4-F759-4BDA-BCD2-8D99430429E6}.Release|x64.ActiveCfg = Release|x64
		{79B08ED4-F759-4BDA-BCD2-8D99430429E6}.Release|x64.Build.0 = Release|x64
		{79B08ED4-F759-4BDA-BCD2-8D99430429E6}.Release|x86.ActiveCfg = Release|Win32
		{79B08ED4-F759-4BDA-BCD2-8D99430429E6}.Release|x86.Build.0 = Release|Win32
	EndGlobalSection
	GlobalSection(SolutionProperties) = preSolution
		HideSolutionNode = FALSE
	EndGlobalSection
	GlobalSection(ExtensibilityGlobals) = postSolution
		SolutionGuid = {BD07B806-6A9F-414A-8960-C22AEE048437}
	EndGlobalSection
EndGlobal
